
Microsoft Visual Studio Solution File, Format Version 12.00
# Visual Studio Version 17
VisualStudioVersion = 17.13.35931.197 d17.13
MinimumVisualStudioVersion = 10.0.40219.1
Project("{FAE04EC0-301F-11D3-BF4B-00C04F79EFBC}") = "CRM", "CRM\CRM.csproj", "{D64DCAE4-C0A0-4C0E-A3EA-FD89A59AF3C9}"
EndProject
Global
	GlobalSection(SolutionConfigurationPlatforms) = preSolution
		Debug|Any CPU = Debug|Any CPU
		Release|Any CPU = Release|Any CPU
	EndGlobalSection
	GlobalSection(ProjectConfigurationPlatforms) = postSolution
		{D64DCAE4-C0A0-4C0E-A3EA-FD89A59AF3C9}.Debug|Any CPU.ActiveCfg = Debug|Any CPU
		{D64DCAE4-C0A0-4C0E-A3EA-FD89A59AF3C9}.Debug|Any CPU.Build.0 = Debug|Any CPU
		{D64DCAE4-C0A0-4C0E-A3EA-FD89A59AF3C9}.Release|Any CPU.ActiveCfg = Release|Any CPU
		{D64DCAE4-C0A0-4C0E-A3EA-FD89A59AF3C9}.Release|Any CPU.Build.0 = Release|Any CPU
	EndGlobalSection
	GlobalSection(SolutionProperties) = preSolution
		HideSolutionNode = FALSE
	EndGlobalSection
	GlobalSection(ExtensibilityGlobals) = postSolution
		SolutionGuid = {60D6CC1C-8663-41E9-9C86-998A6DDB95BD}
	EndGlobalSection
EndGlobal
